// !$*UTF8*$!
{
	archiveVersion = 1;
	classes = {
	};
	objectVersion = 46;
	objects = {

/* Begin PBXBuildFile section */
		024AF5A21EE9856400064E59 /* AppDelegate.swift in Sources */ = {isa = PBXBuildFile; fileRef = 024AF5A11EE9856400064E59 /* AppDelegate.swift */; };
		024AF5A41EE9856400064E59 /* ViewController.swift in Sources */ = {isa = PBXBuildFile; fileRef = 024AF5A31EE9856400064E59 /* ViewController.swift */; };
		024AF5A71EE9856400064E59 /* Main.storyboard in Resources */ = {isa = PBXBuildFile; fileRef = 024AF5A51EE9856400064E59 /* Main.storyboard */; };
		024AF5AA1EE9856400064E59 /* Hello_World.xcdatamodeld in Sources */ = {isa = PBXBuildFile; fileRef = 024AF5A81EE9856400064E59 /* Hello_World.xcdatamodeld */; };
		024AF5AC1EE9856400064E59 /* Assets.xcassets in Resources */ = {isa = PBXBuildFile; fileRef = 024AF5AB1EE9856400064E59 /* Assets.xcassets */; };
		024AF5AF1EE9856400064E59 /* LaunchScreen.storyboard in Resources */ = {isa = PBXBuildFile; fileRef = 024AF5AD1EE9856400064E59 /* LaunchScreen.storyboard */; };
		024AF5BA1EE9856500064E59 /* Hello_WorldTests.swift in Sources */ = {isa = PBXBuildFile; fileRef = 024AF5B91EE9856500064E59 /* Hello_WorldTests.swift */; };
		024AF5C51EE9856500064E59 /* Hello_WorldUITests.swift in Sources */ = {isa = PBXBuildFile; fileRef = 024AF5C41EE9856500064E59 /* Hello_WorldUITests.swift */; };
/* End PBXBuildFile section */

/* Begin PBXContainerItemProxy section */
		024AF5B61EE9856500064E59 /* PBXContainerItemProxy */ = {
			isa = PBXContainerItemProxy;
			containerPortal = 024AF5961EE9856400064E59 /* Project object */;
			proxyType = 1;
			remoteGlobalIDString = 024AF59D1EE9856400064E59;
			remoteInfo = "Hello World";
		};
		024AF5C11EE9856500064E59 /* PBXContainerItemProxy */ = {
			isa = PBXContainerItemProxy;
			containerPortal = 024AF5961EE9856400064E59 /* Project object */;
			proxyType = 1;
			remoteGlobalIDString = 024AF59D1EE9856400064E59;
			remoteInfo = "Hello World";
		};
/* End PBXContainerItemProxy section */

/* Begin PBXFileReference section */
		024AF59E1EE9856400064E59 /* Hello World.app */ = {isa = PBXFileReference; explicitFileType = wrapper.application; includeInIndex = 0; path = "Hello World.app"; sourceTree = BUILT_PRODUCTS_DIR; };
		024AF5A11EE9856400064E59 /* AppDelegate.swift */ = {isa = PBXFileReference; lastKnownFileType = sourcecode.swift; path = AppDelegate.swift; sourceTree = "<group>"; };
		024AF5A31EE9856400064E59 /* ViewController.swift */ = {isa = PBXFileReference; lastKnownFileType = sourcecode.swift; path = ViewController.swift; sourceTree = "<group>"; };
		024AF5A61EE9856400064E59 /* Base */ = {isa = PBXFileReference; lastKnownFileType = file.storyboard; name = Base; path = Base.lproj/Main.storyboard; sourceTree = "<group>"; };
		024AF5A91EE9856400064E59 /* Hello_World.xcdatamodel */ = {isa = PBXFileReference; lastKnownFileType = wrapper.xcdatamodel; path = Hello_World.xcdatamodel; sourceTree = "<group>"; };
		024AF5AB1EE9856400064E59 /* Assets.xcassets */ = {isa = PBXFileReference; lastKnownFileType = folder.assetcatalog; path = Assets.xcassets; sourceTree = "<group>"; };
		024AF5AE1EE9856400064E59 /* Base */ = {isa = PBXFileReference; lastKnownFileType = file.storyboard; name = Base; path = Base.lproj/LaunchScreen.storyboard; sourceTree = "<group>"; };
		024AF5B01EE9856400064E59 /* Info.plist */ = {isa = PBXFileReference; lastKnownFileType = text.plist.xml; path = Info.plist; sourceTree = "<group>"; };
		024AF5B51EE9856500064E59 /* Hello WorldTests.xctest */ = {isa = PBXFileReference; explicitFileType = wrapper.cfbundle; includeInIndex = 0; path = "Hello WorldTests.xctest"; sourceTree = BUILT_PRODUCTS_DIR; };
		024AF5B91EE9856500064E59 /* Hello_WorldTests.swift */ = {isa = PBXFileReference; lastKnownFileType = sourcecode.swift; path = Hello_WorldTests.swift; sourceTree = "<group>"; };
		024AF5BB1EE9856500064E59 /* Info.plist */ = {isa = PBXFileReference; lastKnownFileType = text.plist.xml; path = Info.plist; sourceTree = "<group>"; };
		024AF5C01EE9856500064E59 /* Hello WorldUITests.xctest */ = {isa = PBXFileReference; explicitFileType = wrapper.cfbundle; includeInIndex = 0; path = "Hello WorldUITests.xctest"; sourceTree = BUILT_PRODUCTS_DIR; };
		024AF5C41EE9856500064E59 /* Hello_WorldUITests.swift */ = {isa = PBXFileReference; lastKnownFileType = sourcecode.swift; path = Hello_WorldUITests.swift; sourceTree = "<group>"; };
		024AF5C61EE9856500064E59 /* Info.plist */ = {isa = PBXFileReference; lastKnownFileType = text.plist.xml; path = Info.plist; sourceTree = "<group>"; };
/* End PBXFileReference section */

/* Begin PBXFrameworksBuildPhase section */
		024AF59B1EE9856400064E59 /* Frameworks */ = {
			isa = PBXFrameworksBuildPhase;
			buildActionMask = 2147483647;
			files = (
			);
			runOnlyForDeploymentPostprocessing = 0;
		};
		024AF5B21EE9856500064E59 /* Frameworks */ = {
			isa = PBXFrameworksBuildPhase;
			buildActionMask = 2147483647;
			files = (
			);
			runOnlyForDeploymentPostprocessing = 0;
		};
		024AF5BD1EE9856500064E59 /* Frameworks */ = {
			isa = PBXFrameworksBuildPhase;
			buildActionMask = 2147483647;
			files = (
			);
			runOnlyForDeploymentPostprocessing = 0;
		};
/* End PBXFrameworksBuildPhase section */

/* Begin PBXGroup section */
		024AF5951EE9856400064E59 = {
			isa = PBXGroup;
			children = (
				024AF5A01EE9856400064E59 /* Hello World */,
				024AF5B81EE9856500064E59 /* Hello WorldTests */,
				024AF5C31EE9856500064E59 /* Hello WorldUITests */,
				024AF59F1EE9856400064E59 /* Products */,
			);
			sourceTree = "<group>";
		};
		024AF59F1EE9856400064E59 /* Products */ = {
			isa = PBXGroup;
			children = (
				024AF59E1EE9856400064E59 /* Hello World.app */,
				024AF5B51EE9856500064E59 /* Hello WorldTests.xctest */,
				024AF5C01EE9856500064E59 /* Hello WorldUITests.xctest */,
			);
			name = Products;
			sourceTree = "<group>";
		};
		024AF5A01EE9856400064E59 /* Hello World */ = {
			isa = PBXGroup;
			children = (
				024AF5A11EE9856400064E59 /* AppDelegate.swift */,
				024AF5A31EE9856400064E59 /* ViewController.swift */,
				024AF5A51EE9856400064E59 /* Main.storyboard */,
				024AF5AB1EE9856400064E59 /* Assets.xcassets */,
				024AF5AD1EE9856400064E59 /* LaunchScreen.storyboard */,
				024AF5B01EE9856400064E59 /* Info.plist */,
				024AF5A81EE9856400064E59 /* Hello_World.xcdatamodeld */,
			);
			path = "Hello World";
			sourceTree = "<group>";
		};
		024AF5B81EE9856500064E59 /* Hello WorldTests */ = {
			isa = PBXGroup;
			children = (
				024AF5B91EE9856500064E59 /* Hello_WorldTests.swift */,
				024AF5BB1EE9856500064E59 /* Info.plist */,
			);
			path = "Hello WorldTests";
			sourceTree = "<group>";
		};
		024AF5C31EE9856500064E59 /* Hello WorldUITests */ = {
			isa = PBXGroup;
			children = (
				024AF5C41EE9856500064E59 /* Hello_WorldUITests.swift */,
				024AF5C61EE9856500064E59 /* Info.plist */,
			);
			path = "Hello WorldUITests";
			sourceTree = "<group>";
		};
/* End PBXGroup section */

/* Begin PBXNativeTarget section */
		024AF59D1EE9856400064E59 /* Hello World */ = {
			isa = PBXNativeTarget;
			buildConfigurationList = 024AF5C91EE9856500064E59 /* Build configuration list for PBXNativeTarget "Hello World" */;
			buildPhases = (
				024AF59A1EE9856400064E59 /* Sources */,
				024AF59B1EE9856400064E59 /* Frameworks */,
				024AF59C1EE9856400064E59 /* Resources */,
			);
			buildRules = (
			);
			dependencies = (
			);
			name = "Hello World";
			productName = "Hello World";
			productReference = 024AF59E1EE9856400064E59 /* Hello World.app */;
			productType = "com.apple.product-type.application";
		};
		024AF5B41EE9856500064E59 /* Hello WorldTests */ = {
			isa = PBXNativeTarget;
			buildConfigurationList = 024AF5CC1EE9856500064E59 /* Build configuration list for PBXNativeTarget "Hello WorldTests" */;
			buildPhases = (
				024AF5B11EE9856500064E59 /* Sources */,
				024AF5B21EE9856500064E59 /* Frameworks */,
				024AF5B31EE9856500064E59 /* Resources */,
			);
			buildRules = (
			);
			dependencies = (
				024AF5B71EE9856500064E59 /* PBXTargetDependency */,
			);
			name = "Hello WorldTests";
			productName = "Hello WorldTests";
			productReference = 024AF5B51EE9856500064E59 /* Hello WorldTests.xctest */;
			productType = "com.apple.product-type.bundle.unit-test";
		};
		024AF5BF1EE9856500064E59 /* Hello WorldUITests */ = {
			isa = PBXNativeTarget;
			buildConfigurationList = 024AF5CF1EE9856500064E59 /* Build configuration list for PBXNativeTarget "Hello WorldUITests" */;
			buildPhases = (
				024AF5BC1EE9856500064E59 /* Sources */,
				024AF5BD1EE9856500064E59 /* Frameworks */,
				024AF5BE1EE9856500064E59 /* Resources */,
			);
			buildRules = (
			);
			dependencies = (
				024AF5C21EE9856500064E59 /* PBXTargetDependency */,
			);
			name = "Hello WorldUITests";
			productName = "Hello WorldUITests";
			productReference = 024AF5C01EE9856500064E59 /* Hello WorldUITests.xctest */;
			productType = "com.apple.product-type.bundle.ui-testing";
		};
/* End PBXNativeTarget section */

/* Begin PBXProject section */
		024AF5961EE9856400064E59 /* Project object */ = {
			isa = PBXProject;
			attributes = {
				LastSwiftUpdateCheck = 0830;
				LastUpgradeCheck = 0830;
				ORGANIZATIONNAME = LIKEXIN;
				TargetAttributes = {
					024AF59D1EE9856400064E59 = {
						CreatedOnToolsVersion = 8.3.3;
						ProvisioningStyle = Automatic;
					};
					024AF5B41EE9856500064E59 = {
						CreatedOnToolsVersion = 8.3.3;
						ProvisioningStyle = Automatic;
						TestTargetID = 024AF59D1EE9856400064E59;
					};
					024AF5BF1EE9856500064E59 = {
						CreatedOnToolsVersion = 8.3.3;
						ProvisioningStyle = Automatic;
						TestTargetID = 024AF59D1EE9856400064E59;
					};
				};
			};
			buildConfigurationList = 024AF5991EE9856400064E59 /* Build configuration list for PBXProject "Hello World" */;
			compatibilityVersion = "Xcode 3.2";
			developmentRegion = English;
			hasScannedForEncodings = 0;
			knownRegions = (
				en,
				Base,
			);
			mainGroup = 024AF5951EE9856400064E59;
			productRefGroup = 024AF59F1EE9856400064E59 /* Products */;
			projectDirPath = "";
			projectRoot = "";
			targets = (
				024AF59D1EE9856400064E59 /* Hello World */,
				024AF5B41EE9856500064E59 /* Hello WorldTests */,
				024AF5BF1EE9856500064E59 /* Hello WorldUITests */,
			);
		};
/* End PBXProject section */

/* Begin PBXResourcesBuildPhase section */
		024AF59C1EE9856400064E59 /* Resources */ = {
			isa = PBXResourcesBuildPhase;
			buildActionMask = 2147483647;
			files = (
				024AF5AF1EE9856400064E59 /* LaunchScreen.storyboard in Resources */,
				024AF5AC1EE9856400064E59 /* Assets.xcassets in Resources */,
				024AF5A71EE9856400064E59 /* Main.storyboard in Resources */,
			);
			runOnlyForDeploymentPostprocessing = 0;
		};
		024AF5B31EE9856500064E59 /* Resources */ = {
			isa = PBXResourcesBuildPhase;
			buildActionMask = 2147483647;
			files = (
			);
			runOnlyForDeploymentPostprocessing = 0;
		};
		024AF5BE1EE9856500064E59 /* Resources */ = {
			isa = PBXResourcesBuildPhase;
			buildActionMask = 2147483647;
			files = (
			);
			runOnlyForDeploymentPostprocessing = 0;
		};
/* End PBXResourcesBuildPhase section */

/* Begin PBXSourcesBuildPhase section */
		024AF59A1EE9856400064E59 /* Sources */ = {
			isa = PBXSourcesBuildPhase;
			buildActionMask = 2147483647;
			files = (
				024AF5AA1EE9856400064E59 /* Hello_World.xcdatamodeld in Sources */,
				024AF5A41EE9856400064E59 /* ViewController.swift in Sources */,
				024AF5A21EE9856400064E59 /* AppDelegate.swift in Sources */,
			);
			runOnlyForDeploymentPostprocessing = 0;
		};
		024AF5B11EE9856500064E59 /* Sources */ = {
			isa = PBXSourcesBuildPhase;
			buildActionMask = 2147483647;
			files = (
				024AF5BA1EE9856500064E59 /* Hello_WorldTests.swift in Sources */,
			);
			runOnlyForDeploymentPostprocessing = 0;
		};
		024AF5BC1EE9856500064E59 /* Sources */ = {
			isa = PBXSourcesBuildPhase;
			buildActionMask = 2147483647;
			files = (
				024AF5C51EE9856500064E59 /* Hello_WorldUITests.swift in Sources */,
			);
			runOnlyForDeploymentPostprocessing = 0;
		};
/* End PBXSourcesBuildPhase section */

/* Begin PBXTargetDependency section */
		024AF5B71EE9856500064E59 /* PBXTargetDependency */ = {
			isa = PBXTargetDependency;
			target = 024AF59D1EE9856400064E59 /* Hello World */;
			targetProxy = 024AF5B61EE9856500064E59 /* PBXContainerItemProxy */;
		};
		024AF5C21EE9856500064E59 /* PBXTargetDependency */ = {
			isa = PBXTargetDependency;
			target = 024AF59D1EE9856400064E59 /* Hello World */;
			targetProxy = 024AF5C11EE9856500064E59 /* PBXContainerItemProxy */;
		};
/* End PBXTargetDependency section */

/* Begin PBXVariantGroup section */
		024AF5A51EE9856400064E59 /* Main.storyboard */ = {
			isa = PBXVariantGroup;
			children = (
				024AF5A61EE9856400064E59 /* Base */,
			);
			name = Main.storyboard;
			sourceTree = "<group>";
		};
		024AF5AD1EE9856400064E59 /* LaunchScreen.storyboard */ = {
			isa = PBXVariantGroup;
			children = (
				024AF5AE1EE9856400064E59 /* Base */,
			);
			name = LaunchScreen.storyboard;
			sourceTree = "<group>";
		};
/* End PBXVariantGroup section */

/* Begin XCBuildConfiguration section */
		024AF5C71EE9856500064E59 /* Debug */ = {
			isa = XCBuildConfiguration;
			buildSettings = {
				ALWAYS_SEARCH_USER_PATHS = NO;
				CLANG_ANALYZER_NONNULL = YES;
				CLANG_ANALYZER_NUMBER_OBJECT_CONVERSION = YES_AGGRESSIVE;
				CLANG_CXX_LANGUAGE_STANDARD = "gnu++0x";
				CLANG_CXX_LIBRARY = "libc++";
				CLANG_ENABLE_MODULES = YES;
				CLANG_ENABLE_OBJC_ARC = YES;
				CLANG_WARN_BOOL_CONVERSION = YES;
				CLANG_WARN_CONSTANT_CONVERSION = YES;
				CLANG_WARN_DIRECT_OBJC_ISA_USAGE = YES_ERROR;
				CLANG_WARN_DOCUMENTATION_COMMENTS = YES;
				CLANG_WARN_EMPTY_BODY = YES;
				CLANG_WARN_ENUM_CONVERSION = YES;
				CLANG_WARN_INFINITE_RECURSION = YES;
				CLANG_WARN_INT_CONVERSION = YES;
				CLANG_WARN_OBJC_ROOT_CLASS = YES_ERROR;
				CLANG_WARN_SUSPICIOUS_MOVE = YES;
				CLANG_WARN_UNREACHABLE_CODE = YES;
				CLANG_WARN__DUPLICATE_METHOD_MATCH = YES;
				"CODE_SIGN_IDENTITY[sdk=iphoneos*]" = "iPhone Developer";
				COPY_PHASE_STRIP = NO;
				DEBUG_INFORMATION_FORMAT = dwarf;
				ENABLE_STRICT_OBJC_MSGSEND = YES;
				ENABLE_TESTABILITY = YES;
				GCC_C_LANGUAGE_STANDARD = gnu99;
				GCC_DYNAMIC_NO_PIC = NO;
				GCC_NO_COMMON_BLOCKS = YES;
				GCC_OPTIMIZATION_LEVEL = 0;
				GCC_PREPROCESSOR_DEFINITIONS = (
					"DEBUG=1",
					"$(inherited)",
				);
				GCC_WARN_64_TO_32_BIT_CONVERSION = YES;
				GCC_WARN_ABOUT_RETURN_TYPE = YES_ERROR;
				GCC_WARN_UNDECLARED_SELECTOR = YES;
				GCC_WARN_UNINITIALIZED_AUTOS = YES_AGGRESSIVE;
				GCC_WARN_UNUSED_FUNCTION = YES;
				GCC_WARN_UNUSED_VARIABLE = YES;
				IPHONEOS_DEPLOYMENT_TARGET = 10.3;
				MTL_ENABLE_DEBUG_INFO = YES;
				ONLY_ACTIVE_ARCH = YES;
				SDKROOT = iphoneos;
				SWIFT_ACTIVE_COMPILATION_CONDITIONS = DEBUG;
				SWIFT_OPTIMIZATION_LEVEL = "-Onone";
				TARGETED_DEVICE_FAMILY = "1,2";
			};
			name = Debug;
		};
		024AF5C81EE9856500064E59 /* Release */ = {
			isa = XCBuildConfiguration;
			buildSettings = {
				ALWAYS_SEARCH_USER_PATHS = NO;
				CLANG_ANALYZER_NONNULL = YES;
				CLANG_ANALYZER_NUMBER_OBJECT_CONVERSION = YES_AGGRESSIVE;
				CLANG_CXX_LANGUAGE_STANDARD = "gnu++0x";
				CLANG_CXX_LIBRARY = "libc++";
				CLANG_ENABLE_MODULES = YES;
				CLANG_ENABLE_OBJC_ARC = YES;
				CLANG_WARN_BOOL_CONVERSION = YES;
				CLANG_WARN_CONSTANT_CONVERSION = YES;
				CLANG_WARN_DIRECT_OBJC_ISA_USAGE = YES_ERROR;
				CLANG_WARN_DOCUMENTATION_COMMENTS = YES;
				CLANG_WARN_EMPTY_BODY = YES;
				CLANG_WARN_ENUM_CONVERSION = YES;
				CLANG_WARN_INFINITE_RECURSION = YES;
				CLANG_WARN_INT_CONVERSION = YES;
				CLANG_WARN_OBJC_ROOT_CLASS = YES_ERROR;
				CLANG_WARN_SUSPICIOUS_MOVE = YES;
				CLANG_WARN_UNREACHABLE_CODE = YES;
				CLANG_WARN__DUPLICATE_METHOD_MATCH = YES;
				"CODE_SIGN_IDENTITY[sdk=iphoneos*]" = "iPhone Developer";
				COPY_PHASE_STRIP = NO;
				DEBUG_INFORMATION_FORMAT = "dwarf-with-dsym";
				ENABLE_NS_ASSERTIONS = NO;
				ENABLE_STRICT_OBJC_MSGSEND = YES;
				GCC_C_LANGUAGE_STANDARD = gnu99;
				GCC_NO_COMMON_BLOCKS = YES;
				GCC_WARN_64_TO_32_BIT_CONVERSION = YES;
				GCC_WARN_ABOUT_RETURN_TYPE = YES_ERROR;
				GCC_WARN_UNDECLARED_SELECTOR = YES;
				GCC_WARN_UNINITIALIZED_AUTOS = YES_AGGRESSIVE;
				GCC_WARN_UNUSED_FUNCTION = YES;
				GCC_WARN_UNUSED_VARIABLE = YES;
				IPHONEOS_DEPLOYMENT_TARGET = 10.3;
				MTL_ENABLE_DEBUG_INFO = NO;
				SDKROOT = iphoneos;
				SWIFT_OPTIMIZATION_LEVEL = "-Owholemodule";
				TARGETED_DEVICE_FAMILY = "1,2";
				VALIDATE_PRODUCT = YES;
			};
			name = Release;
		};
		024AF5CA1EE9856500064E59 /* Debug */ = {
			isa = XCBuildConfiguration;
			buildSettings = {
				ASSETCATALOG_COMPILER_APPICON_NAME = AppIcon;
				INFOPLIST_FILE = "Hello World/Info.plist";
				LD_RUNPATH_SEARCH_PATHS = "$(inherited) @executable_path/Frameworks";
				PRODUCT_BUNDLE_IDENTIFIER = "likexin.Hello-World";
				PRODUCT_NAME = "$(TARGET_NAME)";
				SWIFT_VERSION = 3.0;
			};
			name = Debug;
		};
		024AF5CB1EE9856500064E59 /* Release */ = {
			isa = XCBuildConfiguration;
			buildSettings = {
				ASSETCATALOG_COMPILER_APPICON_NAME = AppIcon;
				INFOPLIST_FILE = "Hello World/Info.plist";
				LD_RUNPATH_SEARCH_PATHS = "$(inherited) @executable_path/Frameworks";
				PRODUCT_BUNDLE_IDENTIFIER = "likexin.Hello-World";
				PRODUCT_NAME = "$(TARGET_NAME)";
				SWIFT_VERSION = 3.0;
			};
			name = Release;
		};
		024AF5CD1EE9856500064E59 /* Debug */ = {
			isa = XCBuildConfiguration;
			buildSettings = {
				ALWAYS_EMBED_SWIFT_STANDARD_LIBRARIES = YES;
				BUNDLE_LOADER = "$(TEST_HOST)";
				INFOPLIST_FILE = "Hello WorldTests/Info.plist";
				LD_RUNPATH_SEARCH_PATHS = "$(inherited) @executable_path/Frameworks @loader_path/Frameworks";
				PRODUCT_BUNDLE_IDENTIFIER = "likexin.Hello-WorldTests";
				PRODUCT_NAME = "$(TARGET_NAME)";
				SWIFT_VERSION = 3.0;
				TEST_HOST = "$(BUILT_PRODUCTS_DIR)/Hello World.app/Hello World";
			};
			name = Debug;
		};
		024AF5CE1EE9856500064E59 /* Release */ = {
			isa = XCBuildConfiguration;
			buildSettings = {
				ALWAYS_EMBED_SWIFT_STANDARD_LIBRARIES = YES;
				BUNDLE_LOADER = "$(TEST_HOST)";
				INFOPLIST_FILE = "Hello WorldTests/Info.plist";
				LD_RUNPATH_SEARCH_PATHS = "$(inherited) @executable_path/Frameworks @loader_path/Frameworks";
				PRODUCT_BUNDLE_IDENTIFIER = "likexin.Hello-WorldTests";
				PRODUCT_NAME = "$(TARGET_NAME)";
				SWIFT_VERSION = 3.0;
				TEST_HOST = "$(BUILT_PRODUCTS_DIR)/Hello World.app/Hello World";
			};
			name = Release;
		};
		024AF5D01EE9856500064E59 /* Debug */ = {
			isa = XCBuildConfiguration;
			buildSettings = {
				ALWAYS_EMBED_SWIFT_STANDARD_LIBRARIES = YES;
				INFOPLIST_FILE = "Hello WorldUITests/Info.plist";
				LD_RUNPATH_SEARCH_PATHS = "$(inherited) @executable_path/Frameworks @loader_path/Frameworks";
				PRODUCT_BUNDLE_IDENTIFIER = "likexin.Hello-WorldUITests";
				PRODUCT_NAME = "$(TARGET_NAME)";
				SWIFT_VERSION = 3.0;
				TEST_TARGET_NAME = "Hello World";
			};
			name = Debug;
		};
		024AF5D11EE9856500064E59 /* Release */ = {
			isa = XCBuildConfiguration;
			buildSettings = {
				ALWAYS_EMBED_SWIFT_STANDARD_LIBRARIES = YES;
				INFOPLIST_FILE = "Hello WorldUITests/Info.plist";
				LD_RUNPATH_SEARCH_PATHS = "$(inherited) @executable_path/Frameworks @loader_path/Frameworks";
				PRODUCT_BUNDLE_IDENTIFIER = "likexin.Hello-WorldUITests";
				PRODUCT_NAME = "$(TARGET_NAME)";
				SWIFT_VERSION = 3.0;
				TEST_TARGET_NAME = "Hello World";
			};
			name = Release;
		};
/* End XCBuildConfiguration section */

/* Begin XCConfigurationList section */
		024AF5991EE9856400064E59 /* Build configuration list for PBXProject "Hello World" */ = {
			isa = XCConfigurationList;
			buildConfigurations = (
				024AF5C71EE9856500064E59 /* Debug */,
				024AF5C81EE9856500064E59 /* Release */,
			);
			defaultConfigurationIsVisible = 0;
			defaultConfigurationName = Release;
		};
		024AF5C91EE9856500064E59 /* Build configuration list for PBXNativeTarget "Hello World" */ = {
			isa = XCConfigurationList;
			buildConfigurations = (
				024AF5CA1EE9856500064E59 /* Debug */,
				024AF5CB1EE9856500064E59 /* Release */,
			);
			defaultConfigurationIsVisible = 0;
		};
		024AF5CC1EE9856500064E59 /* Build configuration list for PBXNativeTarget "Hello WorldTests" */ = {
			isa = XCConfigurationList;
			buildConfigurations = (
				024AF5CD1EE9856500064E59 /* Debug */,
				024AF5CE1EE9856500064E59 /* Release */,
			);
			defaultConfigurationIsVisible = 0;
		};
		024AF5CF1EE9856500064E59 /* Build configuration list for PBXNativeTarget "Hello WorldUITests" */ = {
			isa = XCConfigurationList;
			buildConfigurations = (
				024AF5D01EE9856500064E59 /* Debug */,
				024AF5D11EE9856500064E59 /* Release */,
			);
			defaultConfigurationIsVisible = 0;
		};
/* End XCConfigurationList section */

/* Begin XCVersionGroup section */
		024AF5A81EE9856400064E59 /* Hello_World.xcdatamodeld */ = {
			isa = XCVersionGroup;
			children = (
				024AF5A91EE9856400064E59 /* Hello_World.xcdatamodel */,
			);
			currentVersion = 024AF5A91EE9856400064E59 /* Hello_World.xcdatamodel */;
			path = Hello_World.xcdatamodeld;
			sourceTree = "<group>";
			versionGroupType = wrapper.xcdatamodel;
		};
/* End XCVersionGroup section */
	};
	rootObject = 024AF5961EE9856400064E59 /* Project object */;
}
